// !$*UTF8*$!
{
	archiveVersion = 1;
	classes = {
	};
	objectVersion = 56;
	objects = {

/* Begin PBXBuildFile section */
		D90F1455298E8F0900D15EF8 /* MenuController.swift in Sources */ = {isa = PBXBuildFile; fileRef = D90F1454298E8F0900D15EF8 /* MenuController.swift */; };
		D910456829890A3D008F272D /* AppDelegate.swift in Sources */ = {isa = PBXBuildFile; fileRef = D910456729890A3D008F272D /* AppDelegate.swift */; };
		D910456A29890A3D008F272D /* SceneDelegate.swift in Sources */ = {isa = PBXBuildFile; fileRef = D910456929890A3D008F272D /* SceneDelegate.swift */; };
		D910456F29890A3D008F272D /* Main.storyboard in Resources */ = {isa = PBXBuildFile; fileRef = D910456D29890A3D008F272D /* Main.storyboard */; };
		D910457129890A3E008F272D /* Assets.xcassets in Resources */ = {isa = PBXBuildFile; fileRef = D910457029890A3E008F272D /* Assets.xcassets */; };
		D910457429890A3E008F272D /* LaunchScreen.storyboard in Resources */ = {isa = PBXBuildFile; fileRef = D910457229890A3E008F272D /* LaunchScreen.storyboard */; };
		D910457E29894E97008F272D /* Songti.ttc in Resources */ = {isa = PBXBuildFile; fileRef = D910457D29894E97008F272D /* Songti.ttc */; };
		D9104582298A455A008F272D /* MenuViewController.swift in Sources */ = {isa = PBXBuildFile; fileRef = D9104581298A455A008F272D /* MenuViewController.swift */; };
		D9104584298A4618008F272D /* CheckoutTableViewController.swift in Sources */ = {isa = PBXBuildFile; fileRef = D9104583298A4618008F272D /* CheckoutTableViewController.swift */; };
		D910458B298A4703008F272D /* OrderTableViewController.swift in Sources */ = {isa = PBXBuildFile; fileRef = D910458A298A4703008F272D /* OrderTableViewController.swift */; };
		D910458F298A47F6008F272D /* MenuCollectionViewCell.swift in Sources */ = {isa = PBXBuildFile; fileRef = D910458E298A47F5008F272D /* MenuCollectionViewCell.swift */; };
		D9104593298A48C1008F272D /* CheckoutTableViewCell.swift in Sources */ = {isa = PBXBuildFile; fileRef = D9104592298A48C1008F272D /* CheckoutTableViewCell.swift */; };
		D9104595298A5381008F272D /* DrinkMenu.swift in Sources */ = {isa = PBXBuildFile; fileRef = D9104594298A5381008F272D /* DrinkMenu.swift */; };
		D9104597298A53A8008F272D /* OrderData.swift in Sources */ = {isa = PBXBuildFile; fileRef = D9104596298A53A8008F272D /* OrderData.swift */; };
		D9104599298A544B008F272D /* Enums.swift in Sources */ = {isa = PBXBuildFile; fileRef = D9104598298A544B008F272D /* Enums.swift */; };
		D941DDE1298FD22400E21BE7 /* MenuCollectionReusableHeaderView.swift in Sources */ = {isa = PBXBuildFile; fileRef = D941DDE0298FD22400E21BE7 /* MenuCollectionReusableHeaderView.swift */; };
		D941DDE8298FE3F800E21BE7 /* UITextField+Extensions.swift in Sources */ = {isa = PBXBuildFile; fileRef = D941DDE7298FE3F800E21BE7 /* UITextField+Extensions.swift */; };
		D941DDEA298FE41100E21BE7 /* UIPickerView+Extension.swift in Sources */ = {isa = PBXBuildFile; fileRef = D941DDE9298FE41100E21BE7 /* UIPickerView+Extension.swift */; };
		D988A28F299A465F00724D20 /* DeleteOrder.swift in Sources */ = {isa = PBXBuildFile; fileRef = D988A28E299A465F00724D20 /* DeleteOrder.swift */; };
		D9892CD7298D5019002E7277 /* Decode.swift in Sources */ = {isa = PBXBuildFile; fileRef = D9892CD6298D5019002E7277 /* Decode.swift */; };
		D99AE6E329B750B50062EB9C /* FacebookLogin in Frameworks */ = {isa = PBXBuildFile; productRef = D99AE6E229B750B50062EB9C /* FacebookLogin */; };
		D99AE6E529B754100062EB9C /* FBEnterViewController.swift in Sources */ = {isa = PBXBuildFile; fileRef = D99AE6E429B754100062EB9C /* FBEnterViewController.swift */; };
/* End PBXBuildFile section */

/* Begin PBXFileReference section */
		D90F1454298E8F0900D15EF8 /* MenuController.swift */ = {isa = PBXFileReference; lastKnownFileType = sourcecode.swift; path = MenuController.swift; sourceTree = SOURCE_ROOT; };
		D910456429890A3D008F272D /* WooTEA.app */ = {isa = PBXFileReference; explicitFileType = wrapper.application; includeInIndex = 0; path = WooTEA.app; sourceTree = BUILT_PRODUCTS_DIR; };
		D910456729890A3D008F272D /* AppDelegate.swift */ = {isa = PBXFileReference; lastKnownFileType = sourcecode.swift; path = AppDelegate.swift; sourceTree = "<group>"; };
		D910456929890A3D008F272D /* SceneDelegate.swift */ = {isa = PBXFileReference; lastKnownFileType = sourcecode.swift; path = SceneDelegate.swift; sourceTree = "<group>"; };
		D910456E29890A3D008F272D /* Base */ = {isa = PBXFileReference; lastKnownFileType = file.storyboard; name = Base; path = Base.lproj/Main.storyboard; sourceTree = "<group>"; };
		D910457029890A3E008F272D /* Assets.xcassets */ = {isa = PBXFileReference; lastKnownFileType = folder.assetcatalog; path = Assets.xcassets; sourceTree = "<group>"; };
		D910457329890A3E008F272D /* Base */ = {isa = PBXFileReference; lastKnownFileType = file.storyboard; name = Base; path = Base.lproj/LaunchScreen.storyboard; sourceTree = "<group>"; };
		D910457529890A3E008F272D /* Info.plist */ = {isa = PBXFileReference; lastKnownFileType = text.plist.xml; path = Info.plist; sourceTree = "<group>"; };
		D910457D29894E97008F272D /* Songti.ttc */ = {isa = PBXFileReference; lastKnownFileType = file; path = Songti.ttc; sourceTree = "<group>"; };
		D9104581298A455A008F272D /* MenuViewController.swift */ = {isa = PBXFileReference; lastKnownFileType = sourcecode.swift; name = MenuViewController.swift; path = WooTEA/Controller/MenuViewController.swift; sourceTree = SOURCE_ROOT; };
		D9104583298A4618008F272D /* CheckoutTableViewController.swift */ = {isa = PBXFileReference; lastKnownFileType = sourcecode.swift; name = CheckoutTableViewController.swift; path = WooTEA/Controller/CheckoutTableViewController.swift; sourceTree = SOURCE_ROOT; };
		D910458A298A4703008F272D /* OrderTableViewController.swift */ = {isa = PBXFileReference; lastKnownFileType = sourcecode.swift; path = OrderTableViewController.swift; sourceTree = SOURCE_ROOT; };
		D910458E298A47F5008F272D /* MenuCollectionViewCell.swift */ = {isa = PBXFileReference; lastKnownFileType = sourcecode.swift; path = MenuCollectionViewCell.swift; sourceTree = SOURCE_ROOT; };
		D9104592298A48C1008F272D /* CheckoutTableViewCell.swift */ = {isa = PBXFileReference; lastKnownFileType = sourcecode.swift; path = CheckoutTableViewCell.swift; sourceTree = SOURCE_ROOT; };
		D9104594298A5381008F272D /* DrinkMenu.swift */ = {isa = PBXFileReference; lastKnownFileType = sourcecode.swift; path = DrinkMenu.swift; sourceTree = SOURCE_ROOT; };
		D9104596298A53A8008F272D /* OrderData.swift */ = {isa = PBXFileReference; lastKnownFileType = sourcecode.swift; path = OrderData.swift; sourceTree = SOURCE_ROOT; };
		D9104598298A544B008F272D /* Enums.swift */ = {isa = PBXFileReference; lastKnownFileType = sourcecode.swift; path = Enums.swift; sourceTree = SOURCE_ROOT; };
		D941DDE0298FD22400E21BE7 /* MenuCollectionReusableHeaderView.swift */ = {isa = PBXFileReference; lastKnownFileType = sourcecode.swift; path = MenuCollectionReusableHeaderView.swift; sourceTree = SOURCE_ROOT; };
		D941DDE7298FE3F800E21BE7 /* UITextField+Extensions.swift */ = {isa = PBXFileReference; fileEncoding = 4; lastKnownFileType = sourcecode.swift; path = "UITextField+Extensions.swift"; sourceTree = "<group>"; };
		D941DDE9298FE41100E21BE7 /* UIPickerView+Extension.swift */ = {isa = PBXFileReference; fileEncoding = 4; lastKnownFileType = sourcecode.swift; path = "UIPickerView+Extension.swift"; sourceTree = "<group>"; };
		D988A28E299A465F00724D20 /* DeleteOrder.swift */ = {isa = PBXFileReference; lastKnownFileType = sourcecode.swift; path = DeleteOrder.swift; sourceTree = SOURCE_ROOT; };
		D9892CD6298D5019002E7277 /* Decode.swift */ = {isa = PBXFileReference; lastKnownFileType = sourcecode.swift; path = Decode.swift; sourceTree = SOURCE_ROOT; };
		D99AE6E029B74C340062EB9C /* WooTEA.entitlements */ = {isa = PBXFileReference; lastKnownFileType = text.plist.entitlements; path = WooTEA.entitlements; sourceTree = "<group>"; };
		D99AE6E429B754100062EB9C /* FBEnterViewController.swift */ = {isa = PBXFileReference; lastKnownFileType = sourcecode.swift; path = FBEnterViewController.swift; sourceTree = "<group>"; };
/* End PBXFileReference section */

/* Begin PBXFrameworksBuildPhase section */
		D910456129890A3D008F272D /* Frameworks */ = {
			isa = PBXFrameworksBuildPhase;
			buildActionMask = 2147483647;
			files = (
				D99AE6E329B750B50062EB9C /* FacebookLogin in Frameworks */,
			);
			runOnlyForDeploymentPostprocessing = 0;
		};
/* End PBXFrameworksBuildPhase section */

/* Begin PBXGroup section */
		D910455B29890A3D008F272D = {
			isa = PBXGroup;
			children = (
				D910456629890A3D008F272D /* WooTEA */,
				D910456529890A3D008F272D /* Products */,
			);
			sourceTree = "<group>";
		};
		D910456529890A3D008F272D /* Products */ = {
			isa = PBXGroup;
			children = (
				D910456429890A3D008F272D /* WooTEA.app */,
			);
			name = Products;
			sourceTree = "<group>";
		};
		D910456629890A3D008F272D /* WooTEA */ = {
			isa = PBXGroup;
			children = (
				D99AE6E029B74C340062EB9C /* WooTEA.entitlements */,
				D9104585298A463E008F272D /* Model */,
				D9104586298A464C008F272D /* Views */,
				D9104587298A4657008F272D /* Controller */,
				D941DDE4298FE17200E21BE7 /* Extension */,
				D910456729890A3D008F272D /* AppDelegate.swift */,
				D910456929890A3D008F272D /* SceneDelegate.swift */,
				D910456D29890A3D008F272D /* Main.storyboard */,
				D910457229890A3E008F272D /* LaunchScreen.storyboard */,
				D910457029890A3E008F272D /* Assets.xcassets */,
				D910457529890A3E008F272D /* Info.plist */,
				D910457D29894E97008F272D /* Songti.ttc */,
			);
			path = WooTEA;
			sourceTree = "<group>";
		};
		D9104585298A463E008F272D /* Model */ = {
			isa = PBXGroup;
			children = (
				D9892CD6298D5019002E7277 /* Decode.swift */,
				D9104594298A5381008F272D /* DrinkMenu.swift */,
				D9104596298A53A8008F272D /* OrderData.swift */,
				D988A28E299A465F00724D20 /* DeleteOrder.swift */,
				D9104598298A544B008F272D /* Enums.swift */,
			);
			path = Model;
			sourceTree = "<group>";
		};
		D9104586298A464C008F272D /* Views */ = {
			isa = PBXGroup;
			children = (
				D910458E298A47F5008F272D /* MenuCollectionViewCell.swift */,
				D941DDE0298FD22400E21BE7 /* MenuCollectionReusableHeaderView.swift */,
				D9104592298A48C1008F272D /* CheckoutTableViewCell.swift */,
			);
			path = Views;
			sourceTree = "<group>";
		};
		D9104587298A4657008F272D /* Controller */ = {
			isa = PBXGroup;
			children = (
				D99AE6E429B754100062EB9C /* FBEnterViewController.swift */,
				D90F1454298E8F0900D15EF8 /* MenuController.swift */,
				D9104581298A455A008F272D /* MenuViewController.swift */,
				D910458A298A4703008F272D /* OrderTableViewController.swift */,
				D9104583298A4618008F272D /* CheckoutTableViewController.swift */,
			);
			path = Controller;
			sourceTree = "<group>";
		};
		D941DDE4298FE17200E21BE7 /* Extension */ = {
			isa = PBXGroup;
			children = (
				D941DDE9298FE41100E21BE7 /* UIPickerView+Extension.swift */,
				D941DDE7298FE3F800E21BE7 /* UITextField+Extensions.swift */,
			);
			path = Extension;
			sourceTree = "<group>";
		};
/* End PBXGroup section */

/* Begin PBXNativeTarget section */
		D910456329890A3D008F272D /* WooTEA */ = {
			isa = PBXNativeTarget;
			buildConfigurationList = D910457829890A3E008F272D /* Build configuration list for PBXNativeTarget "WooTEA" */;
			buildPhases = (
				D910456029890A3D008F272D /* Sources */,
				D910456129890A3D008F272D /* Frameworks */,
				D910456229890A3D008F272D /* Resources */,
			);
			buildRules = (
			);
			dependencies = (
			);
			name = WooTEA;
			packageProductDependencies = (
				D99AE6E229B750B50062EB9C /* FacebookLogin */,
			);
			productName = WooTEA;
			productReference = D910456429890A3D008F272D /* WooTEA.app */;
			productType = "com.apple.product-type.application";
		};
/* End PBXNativeTarget section */

/* Begin PBXProject section */
		D910455C29890A3D008F272D /* Project object */ = {
			isa = PBXProject;
			attributes = {
				BuildIndependentTargetsInParallel = 1;
				LastSwiftUpdateCheck = 1420;
				LastUpgradeCheck = 1420;
				TargetAttributes = {
					D910456329890A3D008F272D = {
						CreatedOnToolsVersion = 14.2;
					};
				};
			};
			buildConfigurationList = D910455F29890A3D008F272D /* Build configuration list for PBXProject "WooTEA" */;
			compatibilityVersion = "Xcode 14.0";
			developmentRegion = en;
			hasScannedForEncodings = 0;
			knownRegions = (
				en,
				Base,
			);
			mainGroup = D910455B29890A3D008F272D;
			packageReferences = (
				D99AE6E129B750B50062EB9C /* XCRemoteSwiftPackageReference "facebook-ios-sdk" */,
			);
			productRefGroup = D910456529890A3D008F272D /* Products */;
			projectDirPath = "";
			projectRoot = "";
			targets = (
				D910456329890A3D008F272D /* WooTEA */,
			);
		};
/* End PBXProject section */

/* Begin PBXResourcesBuildPhase section */
		D910456229890A3D008F272D /* Resources */ = {
			isa = PBXResourcesBuildPhase;
			buildActionMask = 2147483647;
			files = (
				D910457429890A3E008F272D /* LaunchScreen.storyboard in Resources */,
				D910457129890A3E008F272D /* Assets.xcassets in Resources */,
				D910456F29890A3D008F272D /* Main.storyboard in Resources */,
				D910457E29894E97008F272D /* Songti.ttc in Resources */,
			);
			runOnlyForDeploymentPostprocessing = 0;
		};
/* End PBXResourcesBuildPhase section */

/* Begin PBXSourcesBuildPhase section */
		D910456029890A3D008F272D /* Sources */ = {
			isa = PBXSourcesBuildPhase;
			buildActionMask = 2147483647;
			files = (
				D910458B298A4703008F272D /* OrderTableViewController.swift in Sources */,
				D910458F298A47F6008F272D /* MenuCollectionViewCell.swift in Sources */,
				D9104597298A53A8008F272D /* OrderData.swift in Sources */,
				D941DDE1298FD22400E21BE7 /* MenuCollectionReusableHeaderView.swift in Sources */,
				D9104582298A455A008F272D /* MenuViewController.swift in Sources */,
				D941DDEA298FE41100E21BE7 /* UIPickerView+Extension.swift in Sources */,
				D910456829890A3D008F272D /* AppDelegate.swift in Sources */,
				D9104599298A544B008F272D /* Enums.swift in Sources */,
				D941DDE8298FE3F800E21BE7 /* UITextField+Extensions.swift in Sources */,
				D90F1455298E8F0900D15EF8 /* MenuController.swift in Sources */,
				D910456A29890A3D008F272D /* SceneDelegate.swift in Sources */,
				D988A28F299A465F00724D20 /* DeleteOrder.swift in Sources */,
				D99AE6E529B754100062EB9C /* FBEnterViewController.swift in Sources */,
				D9892CD7298D5019002E7277 /* Decode.swift in Sources */,
				D9104584298A4618008F272D /* CheckoutTableViewController.swift in Sources */,
				D9104593298A48C1008F272D /* CheckoutTableViewCell.swift in Sources */,
				D9104595298A5381008F272D /* DrinkMenu.swift in Sources */,
			);
			runOnlyForDeploymentPostprocessing = 0;
		};
/* End PBXSourcesBuildPhase section */

/* Begin PBXVariantGroup section */
		D910456D29890A3D008F272D /* Main.storyboard */ = {
			isa = PBXVariantGroup;
			children = (
				D910456E29890A3D008F272D /* Base */,
			);
			name = Main.storyboard;
			sourceTree = "<group>";
		};
		D910457229890A3E008F272D /* LaunchScreen.storyboard */ = {
			isa = PBXVariantGroup;
			children = (
				D910457329890A3E008F272D /* Base */,
			);
			name = LaunchScreen.storyboard;
			sourceTree = "<group>";
		};
/* End PBXVariantGroup section */

/* Begin XCBuildConfiguration section */
		D910457629890A3E008F272D /* Debug */ = {
			isa = XCBuildConfiguration;
			buildSettings = {
				ALWAYS_SEARCH_USER_PATHS = NO;
				CLANG_ANALYZER_NONNULL = YES;
				CLANG_ANALYZER_NUMBER_OBJECT_CONVERSION = YES_AGGRESSIVE;
				CLANG_CXX_LANGUAGE_STANDARD = "gnu++20";
				CLANG_ENABLE_MODULES = YES;
				CLANG_ENABLE_OBJC_ARC = YES;
				CLANG_ENABLE_OBJC_WEAK = YES;
				CLANG_WARN_BLOCK_CAPTURE_AUTORELEASING = YES;
				CLANG_WARN_BOOL_CONVERSION = YES;
				CLANG_WARN_COMMA = YES;
				CLANG_WARN_CONSTANT_CONVERSION = YES;
				CLANG_WARN_DEPRECATED_OBJC_IMPLEMENTATIONS = YES;
				CLANG_WARN_DIRECT_OBJC_ISA_USAGE = YES_ERROR;
				CLANG_WARN_DOCUMENTATION_COMMENTS = YES;
				CLANG_WARN_EMPTY_BODY = YES;
				CLANG_WARN_ENUM_CONVERSION = YES;
				CLANG_WARN_INFINITE_RECURSION = YES;
				CLANG_WARN_INT_CONVERSION = YES;
				CLANG_WARN_NON_LITERAL_NULL_CONVERSION = YES;
				CLANG_WARN_OBJC_IMPLICIT_RETAIN_SELF = YES;
				CLANG_WARN_OBJC_LITERAL_CONVERSION = YES;
				CLANG_WARN_OBJC_ROOT_CLASS = YES_ERROR;
				CLANG_WARN_QUOTED_INCLUDE_IN_FRAMEWORK_HEADER = YES;
				CLANG_WARN_RANGE_LOOP_ANALYSIS = YES;
				CLANG_WARN_STRICT_PROTOTYPES = YES;
				CLANG_WARN_SUSPICIOUS_MOVE = YES;
				CLANG_WARN_UNGUARDED_AVAILABILITY = YES_AGGRESSIVE;
				CLANG_WARN_UNREACHABLE_CODE = YES;
				CLANG_WARN__DUPLICATE_METHOD_MATCH = YES;
				COPY_PHASE_STRIP = NO;
				DEBUG_INFORMATION_FORMAT = dwarf;
				ENABLE_STRICT_OBJC_MSGSEND = YES;
				ENABLE_TESTABILITY = YES;
				GCC_C_LANGUAGE_STANDARD = gnu11;
				GCC_DYNAMIC_NO_PIC = NO;
				GCC_NO_COMMON_BLOCKS = YES;
				GCC_OPTIMIZATION_LEVEL = 0;
				GCC_PREPROCESSOR_DEFINITIONS = (
					"DEBUG=1",
					"$(inherited)",
				);
				GCC_WARN_64_TO_32_BIT_CONVERSION = YES;
				GCC_WARN_ABOUT_RETURN_TYPE = YES_ERROR;
				GCC_WARN_UNDECLARED_SELECTOR = YES;
				GCC_WARN_UNINITIALIZED_AUTOS = YES_AGGRESSIVE;
				GCC_WARN_UNUSED_FUNCTION = YES;
				GCC_WARN_UNUSED_VARIABLE = YES;
				IPHONEOS_DEPLOYMENT_TARGET = 16.2;
				MTL_ENABLE_DEBUG_INFO = INCLUDE_SOURCE;
				MTL_FAST_MATH = YES;
				ONLY_ACTIVE_ARCH = YES;
				SDKROOT = iphoneos;
				SWIFT_ACTIVE_COMPILATION_CONDITIONS = DEBUG;
				SWIFT_OPTIMIZATION_LEVEL = "-Onone";
			};
			name = Debug;
		};
		D910457729890A3E008F272D /* Release */ = {
			isa = XCBuildConfiguration;
			buildSettings = {
				ALWAYS_SEARCH_USER_PATHS = NO;
				CLANG_ANALYZER_NONNULL = YES;
				CLANG_ANALYZER_NUMBER_OBJECT_CONVERSION = YES_AGGRESSIVE;
				CLANG_CXX_LANGUAGE_STANDARD = "gnu++20";
				CLANG_ENABLE_MODULES = YES;
				CLANG_ENABLE_OBJC_ARC = YES;
				CLANG_ENABLE_OBJC_WEAK = YES;
				CLANG_WARN_BLOCK_CAPTURE_AUTORELEASING = YES;
				CLANG_WARN_BOOL_CONVERSION = YES;
				CLANG_WARN_COMMA = YES;
				CLANG_WARN_CONSTANT_CONVERSION = YES;
				CLANG_WARN_DEPRECATED_OBJC_IMPLEMENTATIONS = YES;
				CLANG_WARN_DIRECT_OBJC_ISA_USAGE = YES_ERROR;
				CLANG_WARN_DOCUMENTATION_COMMENTS = YES;
				CLANG_WARN_EMPTY_BODY = YES;
				CLANG_WARN_ENUM_CONVERSION = YES;
				CLANG_WARN_INFINITE_RECURSION = YES;
				CLANG_WARN_INT_CONVERSION = YES;
				CLANG_WARN_NON_LITERAL_NULL_CONVERSION = YES;
				CLANG_WARN_OBJC_IMPLICIT_RETAIN_SELF = YES;
				CLANG_WARN_OBJC_LITERAL_CONVERSION = YES;
				CLANG_WARN_OBJC_ROOT_CLASS = YES_ERROR;
				CLANG_WARN_QUOTED_INCLUDE_IN_FRAMEWORK_HEADER = YES;
				CLANG_WARN_RANGE_LOOP_ANALYSIS = YES;
				CLANG_WARN_STRICT_PROTOTYPES = YES;
				CLANG_WARN_SUSPICIOUS_MOVE = YES;
				CLANG_WARN_UNGUARDED_AVAILABILITY = YES_AGGRESSIVE;
				CLANG_WARN_UNREACHABLE_CODE = YES;
				CLANG_WARN__DUPLICATE_METHOD_MATCH = YES;
				COPY_PHASE_STRIP = NO;
				DEBUG_INFORMATION_FORMAT = "dwarf-with-dsym";
				ENABLE_NS_ASSERTIONS = NO;
				ENABLE_STRICT_OBJC_MSGSEND = YES;
				GCC_C_LANGUAGE_STANDARD = gnu11;
				GCC_NO_COMMON_BLOCKS = YES;
				GCC_WARN_64_TO_32_BIT_CONVERSION = YES;
				GCC_WARN_ABOUT_RETURN_TYPE = YES_ERROR;
				GCC_WARN_UNDECLARED_SELECTOR = YES;
				GCC_WARN_UNINITIALIZED_AUTOS = YES_AGGRESSIVE;
				GCC_WARN_UNUSED_FUNCTION = YES;
				GCC_WARN_UNUSED_VARIABLE = YES;
				IPHONEOS_DEPLOYMENT_TARGET = 16.2;
				MTL_ENABLE_DEBUG_INFO = NO;
				MTL_FAST_MATH = YES;
				SDKROOT = iphoneos;
				SWIFT_COMPILATION_MODE = wholemodule;
				SWIFT_OPTIMIZATION_LEVEL = "-O";
				VALIDATE_PRODUCT = YES;
			};
			name = Release;
		};
		D910457929890A3E008F272D /* Debug */ = {
			isa = XCBuildConfiguration;
			buildSettings = {
				ASSETCATALOG_COMPILER_APPICON_NAME = AppIcon;
				ASSETCATALOG_COMPILER_GLOBAL_ACCENT_COLOR_NAME = AccentColor;
				CODE_SIGN_ENTITLEMENTS = WooTEA/WooTEA.entitlements;
				CODE_SIGN_STYLE = Automatic;
				CURRENT_PROJECT_VERSION = 1;
				DEVELOPMENT_TEAM = J79C4AJ58Q;
				GENERATE_INFOPLIST_FILE = YES;
				INFOPLIST_FILE = WooTEA/Info.plist;
				INFOPLIST_KEY_UIApplicationSupportsIndirectInputEvents = YES;
				INFOPLIST_KEY_UILaunchStoryboardName = LaunchScreen;
				INFOPLIST_KEY_UIMainStoryboardFile = Main;
				INFOPLIST_KEY_UISupportedInterfaceOrientations_iPad = "UIInterfaceOrientationPortrait UIInterfaceOrientationPortraitUpsideDown UIInterfaceOrientationLandscapeLeft UIInterfaceOrientationLandscapeRight";
				INFOPLIST_KEY_UISupportedInterfaceOrientations_iPhone = "UIInterfaceOrientationPortrait UIInterfaceOrientationLandscapeLeft UIInterfaceOrientationLandscapeRight";
				LD_RUNPATH_SEARCH_PATHS = (
					"$(inherited)",
					"@executable_path/Frameworks",
				);
				MARKETING_VERSION = 1.0;
				PRODUCT_BUNDLE_IDENTIFIER = com.shelley.WooTEA;
				PRODUCT_NAME = "$(TARGET_NAME)";
				SWIFT_EMIT_LOC_STRINGS = YES;
				SWIFT_VERSION = 5.0;
				TARGETED_DEVICE_FAMILY = "1,2";
			};
			name = Debug;
		};
		D910457A29890A3E008F272D /* Release */ = {
			isa = XCBuildConfiguration;
			buildSettings = {
				ASSETCATALOG_COMPILER_APPICON_NAME = AppIcon;
				ASSETCATALOG_COMPILER_GLOBAL_ACCENT_COLOR_NAME = AccentColor;
				CODE_SIGN_ENTITLEMENTS = WooTEA/WooTEA.entitlements;
				CODE_SIGN_STYLE = Automatic;
				CURRENT_PROJECT_VERSION = 1;
				DEVELOPMENT_TEAM = J79C4AJ58Q;
				GENERATE_INFOPLIST_FILE = YES;
				INFOPLIST_FILE = WooTEA/Info.plist;
				INFOPLIST_KEY_UIApplicationSupportsIndirectInputEvents = YES;
				INFOPLIST_KEY_UILaunchStoryboardName = LaunchScreen;
				INFOPLIST_KEY_UIMainStoryboardFile = Main;
				INFOPLIST_KEY_UISupportedInterfaceOrientations_iPad = "UIInterfaceOrientationPortrait UIInterfaceOrientationPortraitUpsideDown UIInterfaceOrientationLandscapeLeft UIInterfaceOrientationLandscapeRight";
				INFOPLIST_KEY_UISupportedInterfaceOrientations_iPhone = "UIInterfaceOrientationPortrait UIInterfaceOrientationLandscapeLeft UIInterfaceOrientationLandscapeRight";
				LD_RUNPATH_SEARCH_PATHS = (
					"$(inherited)",
					"@executable_path/Frameworks",
				);
				MARKETING_VERSION = 1.0;
				PRODUCT_BUNDLE_IDENTIFIER = com.shelley.WooTEA;
				PRODUCT_NAME = "$(TARGET_NAME)";
				SWIFT_EMIT_LOC_STRINGS = YES;
				SWIFT_VERSION = 5.0;
				TARGETED_DEVICE_FAMILY = "1,2";
			};
			name = Release;
		};
/* End XCBuildConfiguration section */

/* Begin XCConfigurationList section */
		D910455F29890A3D008F272D /* Build configuration list for PBXProject "WooTEA" */ = {
			isa = XCConfigurationList;
			buildConfigurations = (
				D910457629890A3E008F272D /* Debug */,
				D910457729890A3E008F272D /* Release */,
			);
			defaultConfigurationIsVisible = 0;
			defaultConfigurationName = Release;
		};
		D910457829890A3E008F272D /* Build configuration list for PBXNativeTarget "WooTEA" */ = {
			isa = XCConfigurationList;
			buildConfigurations = (
				D910457929890A3E008F272D /* Debug */,
				D910457A29890A3E008F272D /* Release */,
			);
			defaultConfigurationIsVisible = 0;
			defaultConfigurationName = Release;
		};
/* End XCConfigurationList section */

/* Begin XCRemoteSwiftPackageReference section */
		D99AE6E129B750B50062EB9C /* XCRemoteSwiftPackageReference "facebook-ios-sdk" */ = {
			isa = XCRemoteSwiftPackageReference;
			repositoryURL = "https://github.com/facebook/facebook-ios-sdk";
			requirement = {
				kind = upToNextMajorVersion;
				minimumVersion = 13.0.0;
			};
		};
/* End XCRemoteSwiftPackageReference section */

/* Begin XCSwiftPackageProductDependency section */
		D99AE6E229B750B50062EB9C /* FacebookLogin */ = {
			isa = XCSwiftPackageProductDependency;
			package = D99AE6E129B750B50062EB9C /* XCRemoteSwiftPackageReference "facebook-ios-sdk" */;
			productName = FacebookLogin;
		};
/* End XCSwiftPackageProductDependency section */
	};
	rootObject = D910455C29890A3D008F272D /* Project object */;
}
